
Microsoft Visual Studio Solution File, Format Version 12.00
# Visual Studio Version 17
VisualStudioVersion = 17.4.33122.133
MinimumVisualStudioVersion = 10.0.40219.1
Project("{FAE04EC0-301F-11D3-BF4B-00C04F79EFBC}") = "CSharpSyntax", "CSharpSyntax\CSharpSyntax.csproj", "{7E9BCB1C-5325-4DBC-A1E0-D482B2B40684}"
EndProject
Global
	GlobalSection(SolutionConfigurationPlatforms) = preSolution
		Debug|Any CPU = Debug|Any CPU
		Release|Any CPU = Release|Any CPU
	EndGlobalSection
	GlobalSection(ProjectConfigurationPlatforms) = postSolution
		{7E9BCB1C-5325-4DBC-A1E0-D482B2B40684}.Debug|Any CPU.ActiveCfg = Debug|Any CPU
		{7E9BCB1C-5325-4DBC-A1E0-D482B2B40684}.Debug|Any CPU.Build.0 = Debug|Any CPU
		{7E9BCB1C-5325-4DBC-A1E0-D482B2B40684}.Release|Any CPU.ActiveCfg = Release|Any CPU
		{7E9BCB1C-5325-4DBC-A1E0-D482B2B40684}.Release|Any CPU.Build.0 = Release|Any CPU
	EndGlobalSection
	GlobalSection(SolutionProperties) = preSolution
		HideSolutionNode = FALSE
	EndGlobalSection
	GlobalSection(ExtensibilityGlobals) = postSolution
		SolutionGuid = {6C59C1A4-AE55-408A-8CE6-EE7F3D2D1315}
	EndGlobalSection
EndGlobal
